
Microsoft Visual Studio Solution File, Format Version 12.00
# Visual Studio Version 17
VisualStudioVersion = 17.5.33530.505
MinimumVisualStudioVersion = 10.0.40219.1
Project("{FAE04EC0-301F-11D3-BF4B-00C04F79EFBC}") = "image_installation_driver_default", "image_installation_driver_default.csproj", "{CDB2923D-A1AB-492F-A2A5-2C4681B8A441}"
EndProject
Global
	GlobalSection(SolutionConfigurationPlatforms) = preSolution
		Debug|Any CPU = Debug|Any CPU
		Release|Any CPU = Release|Any CPU
	EndGlobalSection
	GlobalSection(ProjectConfigurationPlatforms) = postSolution
		{CDB2923D-A1AB-492F-A2A5-2C4681B8A441}.Debug|Any CPU.ActiveCfg = Debug|Any CPU
		{CDB2923D-A1AB-492F-A2A5-2C4681B8A441}.Debug|Any CPU.Build.0 = Debug|Any CPU
		{CDB2923D-A1AB-492F-A2A5-2C4681B8A441}.Release|Any CPU.ActiveCfg = Release|Any CPU
		{CDB2923D-A1AB-492F-A2A5-2C4681B8A441}.Release|Any CPU.Build.0 = Release|Any CPU
	EndGlobalSection
	GlobalSection(SolutionProperties) = preSolution
		HideSolutionNode = FALSE
	EndGlobalSection
	GlobalSection(ExtensibilityGlobals) = postSolution
		SolutionGuid = {25AC1813-3D67-49F9-8B7D-C6448AE3B046}
	EndGlobalSection
EndGlobal
