
Microsoft Visual Studio Solution File, Format Version 12.00
# Visual Studio Version 17
VisualStudioVersion = 17.5.002.0
MinimumVisualStudioVersion = 10.0.40219.1
Project("{9A19103F-16F7-4668-BE54-9A1E7A4F7556}") = "I004800", "I004800.csproj", "{B02185BA-DC6B-4CF5-8DA6-F26E20F4F04D}"
EndProject
Global
	GlobalSection(SolutionConfigurationPlatforms) = preSolution
		Debug|Any CPU = Debug|Any CPU
		Release|Any CPU = Release|Any CPU
	EndGlobalSection
	GlobalSection(ProjectConfigurationPlatforms) = postSolution
		{B02185BA-DC6B-4CF5-8DA6-F26E20F4F04D}.Debug|Any CPU.ActiveCfg = Debug|Any CPU
		{B02185BA-DC6B-4CF5-8DA6-F26E20F4F04D}.Debug|Any CPU.Build.0 = Debug|Any CPU
		{B02185BA-DC6B-4CF5-8DA6-F26E20F4F04D}.Release|Any CPU.ActiveCfg = Release|Any CPU
		{B02185BA-DC6B-4CF5-8DA6-F26E20F4F04D}.Release|Any CPU.Build.0 = Release|Any CPU
	EndGlobalSection
	GlobalSection(SolutionProperties) = preSolution
		HideSolutionNode = FALSE
	EndGlobalSection
	GlobalSection(ExtensibilityGlobals) = postSolution
		SolutionGuid = {6AE343E3-2C98-4961-9D27-336CCA53D938}
	EndGlobalSection
EndGlobal
