
Microsoft Visual Studio Solution File, Format Version 12.00
# Visual Studio Version 17
VisualStudioVersion = 17.7.34202.233
MinimumVisualStudioVersion = 10.0.40219.1
Project("{FAE04EC0-301F-11D3-BF4B-00C04F79EFBC}") = "TestManager", "TestManager\TestManager.csproj", "{DB0A7A31-7F79-4C6F-810C-8D67171B59D8}"
EndProject
Project("{FAE04EC0-301F-11D3-BF4B-00C04F79EFBC}") = "Jacky", "Jacky\Jacky.csproj", "{0B1E5674-76E2-4A49-9A6E-53CFA89473B2}"
EndProject
Project("{FAE04EC0-301F-11D3-BF4B-00C04F79EFBC}") = "Template", "Template\Template.csproj", "{B38B25DE-70F7-40AB-964F-B06A49A98626}"
EndProject
Project("{FAE04EC0-301F-11D3-BF4B-00C04F79EFBC}") = "image_installation_driver_default", "image_installation_driver_default\image_installation_driver_default.csproj", "{CDB2923D-A1AB-492F-A2A5-2C4681B8A441}"
EndProject
Project("{FAE04EC0-301F-11D3-BF4B-00C04F79EFBC}") = "SignKey", "SignKey\SignKey.csproj", "{9263C3F0-BFB7-4799-A400-E1EB0AA1DFB9}"
EndProject
Global
	GlobalSection(SolutionConfigurationPlatforms) = preSolution
		Debug|Any CPU = Debug|Any CPU
		Release|Any CPU = Release|Any CPU
	EndGlobalSection
	GlobalSection(ProjectConfigurationPlatforms) = postSolution
		{DB0A7A31-7F79-4C6F-810C-8D67171B59D8}.Debug|Any CPU.ActiveCfg = Debug|Any CPU
		{DB0A7A31-7F79-4C6F-810C-8D67171B59D8}.Debug|Any CPU.Build.0 = Debug|Any CPU
		{DB0A7A31-7F79-4C6F-810C-8D67171B59D8}.Release|Any CPU.ActiveCfg = Release|Any CPU
		{DB0A7A31-7F79-4C6F-810C-8D67171B59D8}.Release|Any CPU.Build.0 = Release|Any CPU
		{0B1E5674-76E2-4A49-9A6E-53CFA89473B2}.Debug|Any CPU.ActiveCfg = Debug|Any CPU
		{0B1E5674-76E2-4A49-9A6E-53CFA89473B2}.Debug|Any CPU.Build.0 = Debug|Any CPU
		{0B1E5674-76E2-4A49-9A6E-53CFA89473B2}.Release|Any CPU.ActiveCfg = Release|Any CPU
		{0B1E5674-76E2-4A49-9A6E-53CFA89473B2}.Release|Any CPU.Build.0 = Release|Any CPU
		{B38B25DE-70F7-40AB-964F-B06A49A98626}.Debug|Any CPU.ActiveCfg = Debug|Any CPU
		{B38B25DE-70F7-40AB-964F-B06A49A98626}.Debug|Any CPU.Build.0 = Debug|Any CPU
		{B38B25DE-70F7-40AB-964F-B06A49A98626}.Release|Any CPU.ActiveCfg = Release|Any CPU
		{B38B25DE-70F7-40AB-964F-B06A49A98626}.Release|Any CPU.Build.0 = Release|Any CPU
		{CDB2923D-A1AB-492F-A2A5-2C4681B8A441}.Debug|Any CPU.ActiveCfg = Debug|Any CPU
		{CDB2923D-A1AB-492F-A2A5-2C4681B8A441}.Debug|Any CPU.Build.0 = Debug|Any CPU
		{CDB2923D-A1AB-492F-A2A5-2C4681B8A441}.Release|Any CPU.ActiveCfg = Release|Any CPU
		{CDB2923D-A1AB-492F-A2A5-2C4681B8A441}.Release|Any CPU.Build.0 = Release|Any CPU
		{9263C3F0-BFB7-4799-A400-E1EB0AA1DFB9}.Debug|Any CPU.ActiveCfg = Debug|Any CPU
		{9263C3F0-BFB7-4799-A400-E1EB0AA1DFB9}.Debug|Any CPU.Build.0 = Debug|Any CPU
		{9263C3F0-BFB7-4799-A400-E1EB0AA1DFB9}.Release|Any CPU.ActiveCfg = Release|Any CPU
		{9263C3F0-BFB7-4799-A400-E1EB0AA1DFB9}.Release|Any CPU.Build.0 = Release|Any CPU
	EndGlobalSection
	GlobalSection(SolutionProperties) = preSolution
		HideSolutionNode = FALSE
	EndGlobalSection
	GlobalSection(ExtensibilityGlobals) = postSolution
		SolutionGuid = {C4E4C4F3-19DC-472F-B07D-006C9EA95552}
	EndGlobalSection
EndGlobal
