
Microsoft Visual Studio Solution File, Format Version 12.00
# Visual Studio Version 17
VisualStudioVersion = 17.7.34202.233
MinimumVisualStudioVersion = 10.0.40219.1
Project("{FAE04EC0-301F-11D3-BF4B-00C04F79EFBC}") = "LoadDll", "LoadDll\LoadDll.csproj", "{E5130002-79DC-4839-A48A-0205729C8172}"
EndProject
Project("{FAE04EC0-301F-11D3-BF4B-00C04F79EFBC}") = "MyPowerShell", "MyPowerShell\MyPowerShell.csproj", "{F71F8D19-F1F1-493B-8308-B43B76FBFC9E}"
EndProject
Project("{FAE04EC0-301F-11D3-BF4B-00C04F79EFBC}") = "TM1003", "TestManager\TM1003.csproj", "{DB0A7A31-7F79-4C6F-810C-8D67171B59D8}"
EndProject
Project("{FAE04EC0-301F-11D3-BF4B-00C04F79EFBC}") = "MyParameter", "MyParameter\MyParameter.csproj", "{F942EC1D-9F52-466D-8905-E4B96AB709FD}"
EndProject
Project("{FAE04EC0-301F-11D3-BF4B-00C04F79EFBC}") = "TMservice", "TMservice\TMservice.csproj", "{C106C8C2-B91C-4DCE-ACC3-CC1F7AE39080}"
EndProject
Project("{FAE04EC0-301F-11D3-BF4B-00C04F79EFBC}") = "MyReboot", "MyReboot\MyReboot.csproj", "{1B895D76-A49B-479C-920F-40F14EBB08BE}"
EndProject
Project("{FAE04EC0-301F-11D3-BF4B-00C04F79EFBC}") = "MyTestAll", "MyTestAll\MyTestAll.csproj", "{624B3273-23BE-4C3A-A2A5-CB4F0A738AA3}"
EndProject
Project("{FAE04EC0-301F-11D3-BF4B-00C04F79EFBC}") = "image_installation_driver_default", "image_installation_driver_default\image_installation_driver_default.csproj", "{CDB2923D-A1AB-492F-A2A5-2C4681B8A441}"
EndProject
Project("{FAE04EC0-301F-11D3-BF4B-00C04F79EFBC}") = "image_installation_application_default", "image_installation_application_default\image_installation_application_default.csproj", "{FD75A97A-AD33-4A0C-8531-300378A36236}"
EndProject
Project("{FAE04EC0-301F-11D3-BF4B-00C04F79EFBC}") = "MyTestAll2", "MyTestAll2\MyTestAll2.csproj", "{70FF8EA7-6F5C-427C-8DA7-D27E208C410B}"
EndProject
Project("{FAE04EC0-301F-11D3-BF4B-00C04F79EFBC}") = "MyT", "MyT\MyT.csproj", "{F6F67D6B-FD3A-4F32-A83C-74FEDA64EB3E}"
EndProject
Global
	GlobalSection(SolutionConfigurationPlatforms) = preSolution
		Debug|Any CPU = Debug|Any CPU
		Release|Any CPU = Release|Any CPU
	EndGlobalSection
	GlobalSection(ProjectConfigurationPlatforms) = postSolution
		{E5130002-79DC-4839-A48A-0205729C8172}.Debug|Any CPU.ActiveCfg = Debug|Any CPU
		{E5130002-79DC-4839-A48A-0205729C8172}.Debug|Any CPU.Build.0 = Debug|Any CPU
		{E5130002-79DC-4839-A48A-0205729C8172}.Release|Any CPU.ActiveCfg = Release|Any CPU
		{E5130002-79DC-4839-A48A-0205729C8172}.Release|Any CPU.Build.0 = Release|Any CPU
		{F71F8D19-F1F1-493B-8308-B43B76FBFC9E}.Debug|Any CPU.ActiveCfg = Debug|Any CPU
		{F71F8D19-F1F1-493B-8308-B43B76FBFC9E}.Debug|Any CPU.Build.0 = Debug|Any CPU
		{F71F8D19-F1F1-493B-8308-B43B76FBFC9E}.Release|Any CPU.ActiveCfg = Release|Any CPU
		{F71F8D19-F1F1-493B-8308-B43B76FBFC9E}.Release|Any CPU.Build.0 = Release|Any CPU
		{DB0A7A31-7F79-4C6F-810C-8D67171B59D8}.Debug|Any CPU.ActiveCfg = Debug|Any CPU
		{DB0A7A31-7F79-4C6F-810C-8D67171B59D8}.Debug|Any CPU.Build.0 = Debug|Any CPU
		{DB0A7A31-7F79-4C6F-810C-8D67171B59D8}.Release|Any CPU.ActiveCfg = Release|Any CPU
		{DB0A7A31-7F79-4C6F-810C-8D67171B59D8}.Release|Any CPU.Build.0 = Release|Any CPU
		{F942EC1D-9F52-466D-8905-E4B96AB709FD}.Debug|Any CPU.ActiveCfg = Debug|Any CPU
		{F942EC1D-9F52-466D-8905-E4B96AB709FD}.Debug|Any CPU.Build.0 = Debug|Any CPU
		{F942EC1D-9F52-466D-8905-E4B96AB709FD}.Release|Any CPU.ActiveCfg = Release|Any CPU
		{F942EC1D-9F52-466D-8905-E4B96AB709FD}.Release|Any CPU.Build.0 = Release|Any CPU
		{C106C8C2-B91C-4DCE-ACC3-CC1F7AE39080}.Debug|Any CPU.ActiveCfg = Debug|Any CPU
		{C106C8C2-B91C-4DCE-ACC3-CC1F7AE39080}.Debug|Any CPU.Build.0 = Debug|Any CPU
		{C106C8C2-B91C-4DCE-ACC3-CC1F7AE39080}.Release|Any CPU.ActiveCfg = Release|Any CPU
		{C106C8C2-B91C-4DCE-ACC3-CC1F7AE39080}.Release|Any CPU.Build.0 = Release|Any CPU
		{1B895D76-A49B-479C-920F-40F14EBB08BE}.Debug|Any CPU.ActiveCfg = Debug|Any CPU
		{1B895D76-A49B-479C-920F-40F14EBB08BE}.Debug|Any CPU.Build.0 = Debug|Any CPU
		{1B895D76-A49B-479C-920F-40F14EBB08BE}.Release|Any CPU.ActiveCfg = Release|Any CPU
		{1B895D76-A49B-479C-920F-40F14EBB08BE}.Release|Any CPU.Build.0 = Release|Any CPU
		{624B3273-23BE-4C3A-A2A5-CB4F0A738AA3}.Debug|Any CPU.ActiveCfg = Debug|Any CPU
		{624B3273-23BE-4C3A-A2A5-CB4F0A738AA3}.Debug|Any CPU.Build.0 = Debug|Any CPU
		{624B3273-23BE-4C3A-A2A5-CB4F0A738AA3}.Release|Any CPU.ActiveCfg = Release|Any CPU
		{624B3273-23BE-4C3A-A2A5-CB4F0A738AA3}.Release|Any CPU.Build.0 = Release|Any CPU
		{CDB2923D-A1AB-492F-A2A5-2C4681B8A441}.Debug|Any CPU.ActiveCfg = Debug|Any CPU
		{CDB2923D-A1AB-492F-A2A5-2C4681B8A441}.Debug|Any CPU.Build.0 = Debug|Any CPU
		{CDB2923D-A1AB-492F-A2A5-2C4681B8A441}.Release|Any CPU.ActiveCfg = Release|Any CPU
		{CDB2923D-A1AB-492F-A2A5-2C4681B8A441}.Release|Any CPU.Build.0 = Release|Any CPU
		{FD75A97A-AD33-4A0C-8531-300378A36236}.Debug|Any CPU.ActiveCfg = Debug|Any CPU
		{FD75A97A-AD33-4A0C-8531-300378A36236}.Debug|Any CPU.Build.0 = Debug|Any CPU
		{FD75A97A-AD33-4A0C-8531-300378A36236}.Release|Any CPU.ActiveCfg = Release|Any CPU
		{FD75A97A-AD33-4A0C-8531-300378A36236}.Release|Any CPU.Build.0 = Release|Any CPU
		{70FF8EA7-6F5C-427C-8DA7-D27E208C410B}.Debug|Any CPU.ActiveCfg = Debug|Any CPU
		{70FF8EA7-6F5C-427C-8DA7-D27E208C410B}.Debug|Any CPU.Build.0 = Debug|Any CPU
		{70FF8EA7-6F5C-427C-8DA7-D27E208C410B}.Release|Any CPU.ActiveCfg = Release|Any CPU
		{70FF8EA7-6F5C-427C-8DA7-D27E208C410B}.Release|Any CPU.Build.0 = Release|Any CPU
		{F6F67D6B-FD3A-4F32-A83C-74FEDA64EB3E}.Debug|Any CPU.ActiveCfg = Debug|Any CPU
		{F6F67D6B-FD3A-4F32-A83C-74FEDA64EB3E}.Debug|Any CPU.Build.0 = Debug|Any CPU
		{F6F67D6B-FD3A-4F32-A83C-74FEDA64EB3E}.Release|Any CPU.ActiveCfg = Release|Any CPU
		{F6F67D6B-FD3A-4F32-A83C-74FEDA64EB3E}.Release|Any CPU.Build.0 = Release|Any CPU
	EndGlobalSection
	GlobalSection(SolutionProperties) = preSolution
		HideSolutionNode = FALSE
	EndGlobalSection
	GlobalSection(ExtensibilityGlobals) = postSolution
		SolutionGuid = {C4E4C4F3-19DC-472F-B07D-006C9EA95552}
	EndGlobalSection
EndGlobal
