
Microsoft Visual Studio Solution File, Format Version 12.00
# Visual Studio Version 17
VisualStudioVersion = 17.7.34202.233
MinimumVisualStudioVersion = 10.0.40219.1
Project("{FAE04EC0-301F-11D3-BF4B-00C04F79EFBC}") = "LoadDll", "LoadDll\LoadDll.csproj", "{E5130002-79DC-4839-A48A-0205729C8172}"
EndProject
Project("{FAE04EC0-301F-11D3-BF4B-00C04F79EFBC}") = "TM1004", "TestManager\TM1004.csproj", "{DB0A7A31-7F79-4C6F-810C-8D67171B59D8}"
EndProject
Project("{FAE04EC0-301F-11D3-BF4B-00C04F79EFBC}") = "MyTestAll2", "MyTestAll2\MyTestAll2.csproj", "{70FF8EA7-6F5C-427C-8DA7-D27E208C410B}"
EndProject
Project("{FAE04EC0-301F-11D3-BF4B-00C04F79EFBC}") = "Jacky", "Jacky\Jacky.csproj", "{0B1E5674-76E2-4A49-9A6E-53CFA89473B2}"
EndProject
Project("{9A19103F-16F7-4668-BE54-9A1E7A4F7556}") = "CommonLibrary", "common-general-functions\CommonLibrary\CommonLibrary.csproj", "{834EE995-47EB-48EF-80EB-37642F3E02A3}"
EndProject
Global
	GlobalSection(SolutionConfigurationPlatforms) = preSolution
		Debug|Any CPU = Debug|Any CPU
		Release|Any CPU = Release|Any CPU
	EndGlobalSection
	GlobalSection(ProjectConfigurationPlatforms) = postSolution
		{E5130002-79DC-4839-A48A-0205729C8172}.Debug|Any CPU.ActiveCfg = Debug|Any CPU
		{E5130002-79DC-4839-A48A-0205729C8172}.Debug|Any CPU.Build.0 = Debug|Any CPU
		{E5130002-79DC-4839-A48A-0205729C8172}.Release|Any CPU.ActiveCfg = Release|Any CPU
		{E5130002-79DC-4839-A48A-0205729C8172}.Release|Any CPU.Build.0 = Release|Any CPU
		{DB0A7A31-7F79-4C6F-810C-8D67171B59D8}.Debug|Any CPU.ActiveCfg = Debug|Any CPU
		{DB0A7A31-7F79-4C6F-810C-8D67171B59D8}.Debug|Any CPU.Build.0 = Debug|Any CPU
		{DB0A7A31-7F79-4C6F-810C-8D67171B59D8}.Release|Any CPU.ActiveCfg = Release|Any CPU
		{DB0A7A31-7F79-4C6F-810C-8D67171B59D8}.Release|Any CPU.Build.0 = Release|Any CPU
		{70FF8EA7-6F5C-427C-8DA7-D27E208C410B}.Debug|Any CPU.ActiveCfg = Debug|Any CPU
		{70FF8EA7-6F5C-427C-8DA7-D27E208C410B}.Debug|Any CPU.Build.0 = Debug|Any CPU
		{70FF8EA7-6F5C-427C-8DA7-D27E208C410B}.Release|Any CPU.ActiveCfg = Release|Any CPU
		{70FF8EA7-6F5C-427C-8DA7-D27E208C410B}.Release|Any CPU.Build.0 = Release|Any CPU
		{0B1E5674-76E2-4A49-9A6E-53CFA89473B2}.Debug|Any CPU.ActiveCfg = Debug|Any CPU
		{0B1E5674-76E2-4A49-9A6E-53CFA89473B2}.Debug|Any CPU.Build.0 = Debug|Any CPU
		{0B1E5674-76E2-4A49-9A6E-53CFA89473B2}.Release|Any CPU.ActiveCfg = Release|Any CPU
		{0B1E5674-76E2-4A49-9A6E-53CFA89473B2}.Release|Any CPU.Build.0 = Release|Any CPU
		{834EE995-47EB-48EF-80EB-37642F3E02A3}.Debug|Any CPU.ActiveCfg = Debug|Any CPU
		{834EE995-47EB-48EF-80EB-37642F3E02A3}.Debug|Any CPU.Build.0 = Debug|Any CPU
		{834EE995-47EB-48EF-80EB-37642F3E02A3}.Release|Any CPU.ActiveCfg = Release|Any CPU
		{834EE995-47EB-48EF-80EB-37642F3E02A3}.Release|Any CPU.Build.0 = Release|Any CPU
	EndGlobalSection
	GlobalSection(SolutionProperties) = preSolution
		HideSolutionNode = FALSE
	EndGlobalSection
	GlobalSection(ExtensibilityGlobals) = postSolution
		SolutionGuid = {C4E4C4F3-19DC-472F-B07D-006C9EA95552}
	EndGlobalSection
EndGlobal
