
Microsoft Visual Studio Solution File, Format Version 12.00
# Visual Studio Version 17
VisualStudioVersion = 17.5.002.0
MinimumVisualStudioVersion = 10.0.40219.1
Project("{9A19103F-16F7-4668-BE54-9A1E7A4F7556}") = "TM1005", "TM1005.csproj", "{AF45B5F6-F947-4FCD-9C63-E49540F61B9C}"
EndProject
Global
	GlobalSection(SolutionConfigurationPlatforms) = preSolution
		Debug|Any CPU = Debug|Any CPU
		Release|Any CPU = Release|Any CPU
	EndGlobalSection
	GlobalSection(ProjectConfigurationPlatforms) = postSolution
		{AF45B5F6-F947-4FCD-9C63-E49540F61B9C}.Debug|Any CPU.ActiveCfg = Debug|Any CPU
		{AF45B5F6-F947-4FCD-9C63-E49540F61B9C}.Debug|Any CPU.Build.0 = Debug|Any CPU
		{AF45B5F6-F947-4FCD-9C63-E49540F61B9C}.Release|Any CPU.ActiveCfg = Release|Any CPU
		{AF45B5F6-F947-4FCD-9C63-E49540F61B9C}.Release|Any CPU.Build.0 = Release|Any CPU
	EndGlobalSection
	GlobalSection(SolutionProperties) = preSolution
		HideSolutionNode = FALSE
	EndGlobalSection
	GlobalSection(ExtensibilityGlobals) = postSolution
		SolutionGuid = {C5D24459-0FDE-4A88-A3BC-EA3C7FDBA726}
	EndGlobalSection
EndGlobal
