
Microsoft Visual Studio Solution File, Format Version 12.00
# Visual Studio Version 17
VisualStudioVersion = 17.5.33530.505
MinimumVisualStudioVersion = 10.0.40219.1
Project("{FAE04EC0-301F-11D3-BF4B-00C04F79EFBC}") = "common_bios_pxeboot_default", "common_bios_pxeboot_default.csproj", "{28F0AEFB-442F-49FD-B178-76D4B4F42342}"
EndProject
Global
	GlobalSection(SolutionConfigurationPlatforms) = preSolution
		Debug|Any CPU = Debug|Any CPU
		Release|Any CPU = Release|Any CPU
	EndGlobalSection
	GlobalSection(ProjectConfigurationPlatforms) = postSolution
		{28F0AEFB-442F-49FD-B178-76D4B4F42342}.Debug|Any CPU.ActiveCfg = Debug|Any CPU
		{28F0AEFB-442F-49FD-B178-76D4B4F42342}.Debug|Any CPU.Build.0 = Debug|Any CPU
		{28F0AEFB-442F-49FD-B178-76D4B4F42342}.Release|Any CPU.ActiveCfg = Release|Any CPU
		{28F0AEFB-442F-49FD-B178-76D4B4F42342}.Release|Any CPU.Build.0 = Release|Any CPU
	EndGlobalSection
	GlobalSection(SolutionProperties) = preSolution
		HideSolutionNode = FALSE
	EndGlobalSection
	GlobalSection(ExtensibilityGlobals) = postSolution
		SolutionGuid = {49B73714-8C25-417D-B3B3-8B9E0EB340AC}
	EndGlobalSection
EndGlobal
